// !$*UTF8*$!
{
	archiveVersion = 1;
	classes = {
	};
	objectVersion = 46;
	objects = {

/* Begin PBXBuildFile section */
		F54F04FB1EC9DE8C00185041 /* AppDelegate.swift in Sources */ = {isa = PBXBuildFile; fileRef = F54F04FA1EC9DE8C00185041 /* AppDelegate.swift */; };
		F54F04FD1EC9DE8C00185041 /* RegisterVC.swift in Sources */ = {isa = PBXBuildFile; fileRef = F54F04FC1EC9DE8C00185041 /* RegisterVC.swift */; };
		F54F05001EC9DE8C00185041 /* Main.storyboard in Resources */ = {isa = PBXBuildFile; fileRef = F54F04FE1EC9DE8C00185041 /* Main.storyboard */; };
		F54F05021EC9DE8C00185041 /* Assets.xcassets in Resources */ = {isa = PBXBuildFile; fileRef = F54F05011EC9DE8C00185041 /* Assets.xcassets */; };
		F54F05051EC9DE8C00185041 /* LaunchScreen.storyboard in Resources */ = {isa = PBXBuildFile; fileRef = F54F05031EC9DE8C00185041 /* LaunchScreen.storyboard */; };
		F54F05111EC9EC2B00185041 /* mainbg.jpg in Resources */ = {isa = PBXBuildFile; fileRef = F54F05101EC9EC2B00185041 /* mainbg.jpg */; };
/* End PBXBuildFile section */

/* Begin PBXFileReference section */
		F54F04F71EC9DE8C00185041 /* Twitter.app */ = {isa = PBXFileReference; explicitFileType = wrapper.application; includeInIndex = 0; path = Twitter.app; sourceTree = BUILT_PRODUCTS_DIR; };
		F54F04FA1EC9DE8C00185041 /* AppDelegate.swift */ = {isa = PBXFileReference; lastKnownFileType = sourcecode.swift; path = AppDelegate.swift; sourceTree = "<group>"; };
		F54F04FC1EC9DE8C00185041 /* RegisterVC.swift */ = {isa = PBXFileReference; lastKnownFileType = sourcecode.swift; path = RegisterVC.swift; sourceTree = "<group>"; };
		F54F04FF1EC9DE8C00185041 /* Base */ = {isa = PBXFileReference; lastKnownFileType = file.storyboard; name = Base; path = Base.lproj/Main.storyboard; sourceTree = "<group>"; };
		F54F05011EC9DE8C00185041 /* Assets.xcassets */ = {isa = PBXFileReference; lastKnownFileType = folder.assetcatalog; path = Assets.xcassets; sourceTree = "<group>"; };
		F54F05041EC9DE8C00185041 /* Base */ = {isa = PBXFileReference; lastKnownFileType = file.storyboard; name = Base; path = Base.lproj/LaunchScreen.storyboard; sourceTree = "<group>"; };
		F54F05061EC9DE8C00185041 /* Info.plist */ = {isa = PBXFileReference; lastKnownFileType = text.plist.xml; path = Info.plist; sourceTree = "<group>"; };
		F54F05101EC9EC2B00185041 /* mainbg.jpg */ = {isa = PBXFileReference; lastKnownFileType = image.jpeg; path = mainbg.jpg; sourceTree = "<group>"; };
/* End PBXFileReference section */

/* Begin PBXFrameworksBuildPhase section */
		F54F04F41EC9DE8C00185041 /* Frameworks */ = {
			isa = PBXFrameworksBuildPhase;
			buildActionMask = 2147483647;
			files = (
			);
			runOnlyForDeploymentPostprocessing = 0;
		};
/* End PBXFrameworksBuildPhase section */

/* Begin PBXGroup section */
		F54F04EE1EC9DE8C00185041 = {
			isa = PBXGroup;
			children = (
				F54F04F91EC9DE8C00185041 /* Twitter */,
				F54F04F81EC9DE8C00185041 /* Products */,
			);
			sourceTree = "<group>";
		};
		F54F04F81EC9DE8C00185041 /* Products */ = {
			isa = PBXGroup;
			children = (
				F54F04F71EC9DE8C00185041 /* Twitter.app */,
			);
			name = Products;
			sourceTree = "<group>";
		};
		F54F04F91EC9DE8C00185041 /* Twitter */ = {
			isa = PBXGroup;
			children = (
				F54F04FA1EC9DE8C00185041 /* AppDelegate.swift */,
				F54F04FC1EC9DE8C00185041 /* RegisterVC.swift */,
				F54F04FE1EC9DE8C00185041 /* Main.storyboard */,
				F54F05011EC9DE8C00185041 /* Assets.xcassets */,
				F54F05031EC9DE8C00185041 /* LaunchScreen.storyboard */,
				F54F05061EC9DE8C00185041 /* Info.plist */,
				F54F05101EC9EC2B00185041 /* mainbg.jpg */,
			);
			path = Twitter;
			sourceTree = "<group>";
		};
/* End PBXGroup section */

/* Begin PBXNativeTarget section */
		F54F04F61EC9DE8C00185041 /* Twitter */ = {
			isa = PBXNativeTarget;
			buildConfigurationList = F54F05091EC9DE8C00185041 /* Build configuration list for PBXNativeTarget "Twitter" */;
			buildPhases = (
				F54F04F31EC9DE8C00185041 /* Sources */,
				F54F04F41EC9DE8C00185041 /* Frameworks */,
				F54F04F51EC9DE8C00185041 /* Resources */,
			);
			buildRules = (
			);
			dependencies = (
			);
			name = Twitter;
			productName = Twitter;
			productReference = F54F04F71EC9DE8C00185041 /* Twitter.app */;
			productType = "com.apple.product-type.application";
		};
/* End PBXNativeTarget section */

/* Begin PBXProject section */
		F54F04EF1EC9DE8C00185041 /* Project object */ = {
			isa = PBXProject;
			attributes = {
				LastSwiftUpdateCheck = 0830;
				LastUpgradeCheck = 0830;
				ORGANIZATIONNAME = "Sheng Chi Chen";
				TargetAttributes = {
					F54F04F61EC9DE8C00185041 = {
						CreatedOnToolsVersion = 8.3.2;
						DevelopmentTeam = 7J3Q7YHU9F;
						ProvisioningStyle = Automatic;
					};
				};
			};
			buildConfigurationList = F54F04F21EC9DE8C00185041 /* Build configuration list for PBXProject "Twitter" */;
			compatibilityVersion = "Xcode 3.2";
			developmentRegion = English;
			hasScannedForEncodings = 0;
			knownRegions = (
				en,
				Base,
			);
			mainGroup = F54F04EE1EC9DE8C00185041;
			productRefGroup = F54F04F81EC9DE8C00185041 /* Products */;
			projectDirPath = "";
			projectRoot = "";
			targets = (
				F54F04F61EC9DE8C00185041 /* Twitter */,
			);
		};
/* End PBXProject section */

/* Begin PBXResourcesBuildPhase section */
		F54F04F51EC9DE8C00185041 /* Resources */ = {
			isa = PBXResourcesBuildPhase;
			buildActionMask = 2147483647;
			files = (
				F54F05051EC9DE8C00185041 /* LaunchScreen.storyboard in Resources */,
				F54F05021EC9DE8C00185041 /* Assets.xcassets in Resources */,
				F54F05001EC9DE8C00185041 /* Main.storyboard in Resources */,
				F54F05111EC9EC2B00185041 /* mainbg.jpg in Resources */,
			);
			runOnlyForDeploymentPostprocessing = 0;
		};
/* End PBXResourcesBuildPhase section */

/* Begin PBXSourcesBuildPhase section */
		F54F04F31EC9DE8C00185041 /* Sources */ = {
			isa = PBXSourcesBuildPhase;
			buildActionMask = 2147483647;
			files = (
				F54F04FD1EC9DE8C00185041 /* RegisterVC.swift in Sources */,
				F54F04FB1EC9DE8C00185041 /* AppDelegate.swift in Sources */,
			);
			runOnlyForDeploymentPostprocessing = 0;
		};
/* End PBXSourcesBuildPhase section */

/* Begin PBXVariantGroup section */
		F54F04FE1EC9DE8C00185041 /* Main.storyboard */ = {
			isa = PBXVariantGroup;
			children = (
				F54F04FF1EC9DE8C00185041 /* Base */,
			);
			name = Main.storyboard;
			sourceTree = "<group>";
		};
		F54F05031EC9DE8C00185041 /* LaunchScreen.storyboard */ = {
			isa = PBXVariantGroup;
			children = (
				F54F05041EC9DE8C00185041 /* Base */,
			);
			name = LaunchScreen.storyboard;
			sourceTree = "<group>";
		};
/* End PBXVariantGroup section */

/* Begin XCBuildConfiguration section */
		F54F05071EC9DE8C00185041 /* Debug */ = {
			isa = XCBuildConfiguration;
			buildSettings = {
				ALWAYS_SEARCH_USER_PATHS = NO;
				CLANG_ANALYZER_NONNULL = YES;
				CLANG_ANALYZER_NUMBER_OBJECT_CONVERSION = YES_AGGRESSIVE;
				CLANG_CXX_LANGUAGE_STANDARD = "gnu++0x";
				CLANG_CXX_LIBRARY = "libc++";
				CLANG_ENABLE_MODULES = YES;
				CLANG_ENABLE_OBJC_ARC = YES;
				CLANG_WARN_BOOL_CONVERSION = YES;
				CLANG_WARN_CONSTANT_CONVERSION = YES;
				CLANG_WARN_DIRECT_OBJC_ISA_USAGE = YES_ERROR;
				CLANG_WARN_DOCUMENTATION_COMMENTS = YES;
				CLANG_WARN_EMPTY_BODY = YES;
				CLANG_WARN_ENUM_CONVERSION = YES;
				CLANG_WARN_INFINITE_RECURSION = YES;
				CLANG_WARN_INT_CONVERSION = YES;
				CLANG_WARN_OBJC_ROOT_CLASS = YES_ERROR;
				CLANG_WARN_SUSPICIOUS_MOVE = YES;
				CLANG_WARN_UNREACHABLE_CODE = YES;
				CLANG_WARN__DUPLICATE_METHOD_MATCH = YES;
				"CODE_SIGN_IDENTITY[sdk=iphoneos*]" = "iPhone Developer";
				COPY_PHASE_STRIP = NO;
				DEBUG_INFORMATION_FORMAT = dwarf;
				ENABLE_STRICT_OBJC_MSGSEND = YES;
				ENABLE_TESTABILITY = YES;
				GCC_C_LANGUAGE_STANDARD = gnu99;
				GCC_DYNAMIC_NO_PIC = NO;
				GCC_NO_COMMON_BLOCKS = YES;
				GCC_OPTIMIZATION_LEVEL = 0;
				GCC_PREPROCESSOR_DEFINITIONS = (
					"DEBUG=1",
					"$(inherited)",
				);
				GCC_WARN_64_TO_32_BIT_CONVERSION = YES;
				GCC_WARN_ABOUT_RETURN_TYPE = YES_ERROR;
				GCC_WARN_UNDECLARED_SELECTOR = YES;
				GCC_WARN_UNINITIALIZED_AUTOS = YES_AGGRESSIVE;
				GCC_WARN_UNUSED_FUNCTION = YES;
				GCC_WARN_UNUSED_VARIABLE = YES;
				IPHONEOS_DEPLOYMENT_TARGET = 10.3;
				MTL_ENABLE_DEBUG_INFO = YES;
				ONLY_ACTIVE_ARCH = YES;
				SDKROOT = iphoneos;
				SWIFT_ACTIVE_COMPILATION_CONDITIONS = DEBUG;
				SWIFT_OPTIMIZATION_LEVEL = "-Onone";
				TARGETED_DEVICE_FAMILY = "1,2";
			};
			name = Debug;
		};
		F54F05081EC9DE8C00185041 /* Release */ = {
			isa = XCBuildConfiguration;
			buildSettings = {
				ALWAYS_SEARCH_USER_PATHS = NO;
				CLANG_ANALYZER_NONNULL = YES;
				CLANG_ANALYZER_NUMBER_OBJECT_CONVERSION = YES_AGGRESSIVE;
				CLANG_CXX_LANGUAGE_STANDARD = "gnu++0x";
				CLANG_CXX_LIBRARY = "libc++";
				CLANG_ENABLE_MODULES = YES;
				CLANG_ENABLE_OBJC_ARC = YES;
				CLANG_WARN_BOOL_CONVERSION = YES;
				CLANG_WARN_CONSTANT_CONVERSION = YES;
				CLANG_WARN_DIRECT_OBJC_ISA_USAGE = YES_ERROR;
				CLANG_WARN_DOCUMENTATION_COMMENTS = YES;
				CLANG_WARN_EMPTY_BODY = YES;
				CLANG_WARN_ENUM_CONVERSION = YES;
				CLANG_WARN_INFINITE_RECURSION = YES;
				CLANG_WARN_INT_CONVERSION = YES;
				CLANG_WARN_OBJC_ROOT_CLASS = YES_ERROR;
				CLANG_WARN_SUSPICIOUS_MOVE = YES;
				CLANG_WARN_UNREACHABLE_CODE = YES;
				CLANG_WARN__DUPLICATE_METHOD_MATCH = YES;
				"CODE_SIGN_IDENTITY[sdk=iphoneos*]" = "iPhone Developer";
				COPY_PHASE_STRIP = NO;
				DEBUG_INFORMATION_FORMAT = "dwarf-with-dsym";
				ENABLE_NS_ASSERTIONS = NO;
				ENABLE_STRICT_OBJC_MSGSEND = YES;
				GCC_C_LANGUAGE_STANDARD = gnu99;
				GCC_NO_COMMON_BLOCKS = YES;
				GCC_WARN_64_TO_32_BIT_CONVERSION = YES;
				GCC_WARN_ABOUT_RETURN_TYPE = YES_ERROR;
				GCC_WARN_UNDECLARED_SELECTOR = YES;
				GCC_WARN_UNINITIALIZED_AUTOS = YES_AGGRESSIVE;
				GCC_WARN_UNUSED_FUNCTION = YES;
				GCC_WARN_UNUSED_VARIABLE = YES;
				IPHONEOS_DEPLOYMENT_TARGET = 10.3;
				MTL_ENABLE_DEBUG_INFO = NO;
				SDKROOT = iphoneos;
				SWIFT_OPTIMIZATION_LEVEL = "-Owholemodule";
				TARGETED_DEVICE_FAMILY = "1,2";
				VALIDATE_PRODUCT = YES;
			};
			name = Release;
		};
		F54F050A1EC9DE8C00185041 /* Debug */ = {
			isa = XCBuildConfiguration;
			buildSettings = {
				ASSETCATALOG_COMPILER_APPICON_NAME = AppIcon;
				DEVELOPMENT_TEAM = 7J3Q7YHU9F;
				INFOPLIST_FILE = Twitter/Info.plist;
				LD_RUNPATH_SEARCH_PATHS = "$(inherited) @executable_path/Frameworks";
				PRODUCT_BUNDLE_IDENTIFIER = com.shengchichen.Twitter;
				PRODUCT_NAME = "$(TARGET_NAME)";
				SWIFT_VERSION = 3.0;
			};
			name = Debug;
		};
		F54F050B1EC9DE8C00185041 /* Release */ = {
			isa = XCBuildConfiguration;
			buildSettings = {
				ASSETCATALOG_COMPILER_APPICON_NAME = AppIcon;
				DEVELOPMENT_TEAM = 7J3Q7YHU9F;
				INFOPLIST_FILE = Twitter/Info.plist;
				LD_RUNPATH_SEARCH_PATHS = "$(inherited) @executable_path/Frameworks";
				PRODUCT_BUNDLE_IDENTIFIER = com.shengchichen.Twitter;
				PRODUCT_NAME = "$(TARGET_NAME)";
				SWIFT_VERSION = 3.0;
			};
			name = Release;
		};
/* End XCBuildConfiguration section */

/* Begin XCConfigurationList section */
		F54F04F21EC9DE8C00185041 /* Build configuration list for PBXProject "Twitter" */ = {
			isa = XCConfigurationList;
			buildConfigurations = (
				F54F05071EC9DE8C00185041 /* Debug */,
				F54F05081EC9DE8C00185041 /* Release */,
			);
			defaultConfigurationIsVisible = 0;
			defaultConfigurationName = Release;
		};
		F54F05091EC9DE8C00185041 /* Build configuration list for PBXNativeTarget "Twitter" */ = {
			isa = XCConfigurationList;
			buildConfigurations = (
				F54F050A1EC9DE8C00185041 /* Debug */,
				F54F050B1EC9DE8C00185041 /* Release */,
			);
			defaultConfigurationIsVisible = 0;
		};
/* End XCConfigurationList section */
	};
	rootObject = F54F04EF1EC9DE8C00185041 /* Project object */;
}
